version = 1
revision = 3
requires-python = "==3.12.*"
resolution-markers = [
    "platform_machine == 'aarch64'",
    "platform_machine == 'x86_64'",
    "platform_machine != 'aarch64' and platform_machine != 'x86_64'",
]

[[package]]
name = "cachetools"
version = "6.2.1"
source = { registry = "https://pypi.org/simple" }
sdist = { url = "https://files.pythonhosted.org/packages/cc/7e/b975b5814bd36faf009faebe22c1072a1fa1168db34d285ef0ba071ad78c/cachetools-6.2.1.tar.gz", hash = "sha256:3f391e4bd8f8bf0931169baf7456cc822705f4e2a31f840d218f445b9a854201", size = 31325, upload-time = "2025-10-12T14:55:30.139Z" }
wheels = [
    { url = "https://files.pythonhosted.org/packages/96/c5/1e741d26306c42e2bf6ab740b2202872727e0f606033c9dd713f8b93f5a8/cachetools-6.2.1-py3-none-any.whl", hash = "sha256:09868944b6dde876dfd44e1d47e18484541eaf12f26f29b7af91b26cc892d701", size = 11280, upload-time = "2025-10-12T14:55:28.382Z" },
]

[[package]]
name = "certifi"
version = "2025.10.5"
source = { registry = "https://pypi.org/simple" }
sdist = { url = "https://files.pythonhosted.org/packages/4c/5b/b6ce21586237c77ce67d01dc5507039d444b630dd76611bbca2d8e5dcd91/certifi-2025.10.5.tar.gz", hash = "sha256:47c09d31ccf2acf0be3f701ea53595ee7e0b8fa08801c6624be771df09ae7b43", size = 164519, upload-time = "2025-10-05T04:12:15.808Z" }
wheels = [
    { url = "https://files.pythonhosted.org/packages/e4/37/af0d2ef3967ac0d6113837b44a4f0bfe1328c2b9763bd5b1744520e5cfed/certifi-2025.10.5-py3-none-any.whl", hash = "sha256:0f212c2744a9bb6de0c56639a6f68afe01ecd92d91f14ae897c4fe7bbeeef0de", size = 163286, upload-time = "2025-10-05T04:12:14.03Z" },
]

[[package]]
name = "cuda-bindings"
version = "12.9.3"
source = { registry = "https://pypi.org/simple" }
dependencies = [
    { name = "cuda-pathfinder" },
]
wheels = [
    { url = "https://files.pythonhosted.org/packages/75/74/ddc769279917c806659025bc6972013dbe934edf878998d2058a09562574/cuda_bindings-12.9.3-cp312-cp312-manylinux_2_24_aarch64.manylinux_2_28_aarch64.whl", hash = "sha256:a6a4ff1079474b7672dab7b621c85bc366c4b44a2d4cf91265826d91db649ec4", size = 11749860, upload-time = "2025-10-09T21:18:19.832Z" },
    { url = "https://files.pythonhosted.org/packages/3f/9e/a51d0dd679b7d25245e6456b0799d7bcc363d0f2e37008426fab604b4400/cuda_bindings-12.9.3-cp312-cp312-manylinux_2_24_x86_64.manylinux_2_28_x86_64.whl", hash = "sha256:9e6130aa3a2246c3ec157da5b7b101da7f5a11b4c2b71582264493b58fee7690", size = 12140392, upload-time = "2025-10-09T21:18:21.646Z" },
    { url = "https://files.pythonhosted.org/packages/8e/a5/285dce6dd2aab4e2062cb762353e7fb6479142b56515cff89edb46114783/cuda_bindings-12.9.3-cp312-cp312-win_amd64.whl", hash = "sha256:6b83c4e752448ef3c75b0ebe191ac02ff88e3ea086c38ec85760ab681f147c86", size = 11576978, upload-time = "2025-10-09T21:18:23.504Z" },
]

[[package]]
name = "cuda-pathfinder"
version = "1.3.1"
source = { registry = "https://pypi.org/simple" }
wheels = [
    { url = "https://files.pythonhosted.org/packages/ae/c0/7a8a1e87b0fd278e3c5069a7b11d8b5e8c5c2da0bb4ccbd59b73c4195277/cuda_pathfinder-1.3.1-py3-none-any.whl", hash = "sha256:0f04527f647e16ee26055447d3e4479bd608acce60f6506b14043f51d71736e7", size = 27181, upload-time = "2025-10-13T15:20:22.419Z" },
]

[[package]]
name = "cuda-python"
version = "12.9.3"
source = { registry = "https://pypi.org/simple" }
dependencies = [
    { name = "cuda-bindings" },
]
wheels = [
    { url = "https://files.pythonhosted.org/packages/8a/41/2857f4433c6851efce04f1d14e0468e8785143924baf030f796c948fb24d/cuda_python-12.9.3-py3-none-any.whl", hash = "sha256:0282f3777ec16d8502cff74fcfcdfc96886ffd4a175a2fb03c2544357c2149a0", size = 7594, upload-time = "2025-10-09T21:28:47.689Z" },
]

[[package]]
name = "cudf-cu12"
version = "25.4.0"
source = { registry = "https://pypi.nvidia.com/" }
dependencies = [
    { name = "cachetools" },
    { name = "cuda-python" },
    { name = "cupy-cuda12x" },
    { name = "fsspec" },
    { name = "libcudf-cu12" },
    { name = "numba" },
    { name = "numba-cuda" },
    { name = "numpy" },
    { name = "nvtx" },
    { name = "packaging" },
    { name = "pandas" },
    { name = "pyarrow", marker = "platform_machine == 'aarch64' or platform_machine == 'x86_64'" },
    { name = "pylibcudf-cu12" },
    { name = "pynvjitlink-cu12" },
    { name = "rich" },
    { name = "rmm-cu12" },
    { name = "typing-extensions" },
]
wheels = [
    { url = "https://pypi.nvidia.com/cudf-cu12/cudf_cu12-25.4.0-cp312-cp312-manylinux_2_24_aarch64.manylinux_2_28_aarch64.whl", hash = "sha256:2e7453e29c7317173bbfe5d8af599410fc3ec1ce090377a15f790224d42c97e0" },
    { url = "https://pypi.nvidia.com/cudf-cu12/cudf_cu12-25.4.0-cp312-cp312-manylinux_2_24_x86_64.manylinux_2_28_x86_64.whl", hash = "sha256:62815d4905673d4d604c58df5f1f848926145156ba481748dcc89a2019c79275" },
]

[[package]]
name = "cupy-cuda12x"
version = "13.6.0"
source = { registry = "https://pypi.org/simple" }
dependencies = [
    { name = "fastrlock" },
    { name = "numpy" },
]
wheels = [
    { url = "https://files.pythonhosted.org/packages/12/c5/7e7fc4816d0de0154e5d9053242c3a08a0ca8b43ee656a6f7b3b95055a7b/cupy_cuda12x-13.6.0-cp312-cp312-manylinux2014_aarch64.whl", hash = "sha256:a6970ceefe40f9acbede41d7fe17416bd277b1bd2093adcde457b23b578c5a59", size = 127334633, upload-time = "2025-08-18T08:24:43.065Z" },
    { url = "https://files.pythonhosted.org/packages/e0/95/d7e1295141e7d530674a3cc567e13ed0eb6b81524cb122d797ed996b5bea/cupy_cuda12x-13.6.0-cp312-cp312-manylinux2014_x86_64.whl", hash = "sha256:79b0cacb5e8b190ef409f9e03f06ac8de1b021b0c0dda47674d446f5557e0eb1", size = 112886268, upload-time = "2025-08-18T08:24:49.294Z" },
    { url = "https://files.pythonhosted.org/packages/ae/8c/14555b63fd78cfac7b88af0094cea0a3cb845d243661ec7da69f7b3ea0de/cupy_cuda12x-13.6.0-cp312-cp312-win_amd64.whl", hash = "sha256:ca06fede7b8b83ca9ad80062544ef2e5bb8d4762d1c4fc3ac8349376de9c8a5e", size = 89785108, upload-time = "2025-08-18T08:24:54.527Z" },
]

[[package]]
name = "cuspatial-cu12"
version = "25.4.0"
source = { registry = "https://pypi.nvidia.com/" }
dependencies = [
    { name = "cudf-cu12" },
    { name = "geopandas" },
    { name = "libcudf-cu12" },
    { name = "libcuspatial-cu12" },
    { name = "numpy" },
    { name = "pylibcudf-cu12" },
    { name = "rmm-cu12" },
]
wheels = [
    { url = "https://pypi.nvidia.com/cuspatial-cu12/cuspatial_cu12-25.4.0-cp312-cp312-manylinux_2_24_aarch64.manylinux_2_28_aarch64.whl", hash = "sha256:641ebf5918b1b66904bbe9c6a279ed3a32c0131ec09d4e87b5a19a13161fec8e" },
    { url = "https://pypi.nvidia.com/cuspatial-cu12/cuspatial_cu12-25.4.0-cp312-cp312-manylinux_2_24_x86_64.manylinux_2_28_x86_64.whl", hash = "sha256:c9f205b6ad27d7041a817bc98ff09364a1ee61f93525ed56d0e5f3b7ca0a0f1c" },
]

[[package]]
name = "fastrlock"
version = "0.8.3"
source = { registry = "https://pypi.org/simple" }
sdist = { url = "https://files.pythonhosted.org/packages/73/b1/1c3d635d955f2b4bf34d45abf8f35492e04dbd7804e94ce65d9f928ef3ec/fastrlock-0.8.3.tar.gz", hash = "sha256:4af6734d92eaa3ab4373e6c9a1dd0d5ad1304e172b1521733c6c3b3d73c8fa5d", size = 79327, upload-time = "2024-12-17T11:03:39.638Z" }
wheels = [
    { url = "https://files.pythonhosted.org/packages/00/df/56270f2e10c1428855c990e7a7e5baafa9e1262b8e789200bd1d047eb501/fastrlock-0.8.3-cp312-cp312-macosx_11_0_universal2.whl", hash = "sha256:8cb2cf04352ea8575d496f31b3b88c42c7976e8e58cdd7d1550dfba80ca039da", size = 55727, upload-time = "2024-12-17T11:02:17.26Z" },
    { url = "https://files.pythonhosted.org/packages/57/21/ea1511b0ef0d5457efca3bf1823effb9c5cad4fc9dca86ce08e4d65330ce/fastrlock-0.8.3-cp312-cp312-manylinux_2_17_aarch64.manylinux2014_aarch64.manylinux_2_28_aarch64.whl", hash = "sha256:85a49a1f1e020097d087e1963e42cea6f307897d5ebe2cb6daf4af47ffdd3eed", size = 52201, upload-time = "2024-12-17T11:02:19.512Z" },
    { url = "https://files.pythonhosted.org/packages/80/07/cdecb7aa976f34328372f1c4efd6c9dc1b039b3cc8d3f38787d640009a25/fastrlock-0.8.3-cp312-cp312-manylinux_2_5_x86_64.manylinux1_x86_64.manylinux_2_28_x86_64.whl", hash = "sha256:5f13ec08f1adb1aa916c384b05ecb7dbebb8df9ea81abd045f60941c6283a670", size = 53924, upload-time = "2024-12-17T11:02:20.85Z" },
    { url = "https://files.pythonhosted.org/packages/88/6d/59c497f8db9a125066dd3a7442fab6aecbe90d6fec344c54645eaf311666/fastrlock-0.8.3-cp312-cp312-musllinux_1_1_aarch64.whl", hash = "sha256:0ea4e53a04980d646def0f5e4b5e8bd8c7884288464acab0b37ca0c65c482bfe", size = 52140, upload-time = "2024-12-17T11:02:22.263Z" },
    { url = "https://files.pythonhosted.org/packages/62/04/9138943c2ee803d62a48a3c17b69de2f6fa27677a6896c300369e839a550/fastrlock-0.8.3-cp312-cp312-musllinux_1_1_x86_64.whl", hash = "sha256:38340f6635bd4ee2a4fb02a3a725759fe921f2ca846cb9ca44531ba739cc17b4", size = 53261, upload-time = "2024-12-17T11:02:24.418Z" },
    { url = "https://files.pythonhosted.org/packages/e2/4b/db35a52589764c7745a613b6943bbd018f128d42177ab92ee7dde88444f6/fastrlock-0.8.3-cp312-cp312-win_amd64.whl", hash = "sha256:da06d43e1625e2ffddd303edcd6d2cd068e1c486f5fd0102b3f079c44eb13e2c", size = 31235, upload-time = "2024-12-17T11:02:25.708Z" },
]

[[package]]
name = "fsspec"
version = "2025.9.0"
source = { registry = "https://pypi.org/simple" }
sdist = { url = "https://files.pythonhosted.org/packages/de/e0/bab50af11c2d75c9c4a2a26a5254573c0bd97cea152254401510950486fa/fsspec-2025.9.0.tar.gz", hash = "sha256:19fd429483d25d28b65ec68f9f4adc16c17ea2c7c7bf54ec61360d478fb19c19", size = 304847, upload-time = "2025-09-02T19:10:49.215Z" }
wheels = [
    { url = "https://files.pythonhosted.org/packages/47/71/70db47e4f6ce3e5c37a607355f80da8860a33226be640226ac52cb05ef2e/fsspec-2025.9.0-py3-none-any.whl", hash = "sha256:530dc2a2af60a414a832059574df4a6e10cce927f6f4a78209390fe38955cfb7", size = 199289, upload-time = "2025-09-02T19:10:47.708Z" },
]

[[package]]
name = "geopandas"
version = "1.1.1"
source = { registry = "https://pypi.org/simple" }
dependencies = [
    { name = "numpy" },
    { name = "packaging" },
    { name = "pandas" },
    { name = "pyogrio" },
    { name = "pyproj" },
    { name = "shapely" },
]
sdist = { url = "https://files.pythonhosted.org/packages/8c/76/e1960ba846f153ab109575242abf89dc98f8e057faa32f3decf4cce9247a/geopandas-1.1.1.tar.gz", hash = "sha256:1745713f64d095c43e72e08e753dbd271678254b24f2e01db8cdb8debe1d293d", size = 332655, upload-time = "2025-06-26T21:04:56.57Z" }
wheels = [
    { url = "https://files.pythonhosted.org/packages/0b/70/d5cd0696eff08e62fdbdebe5b46527facb4e7220eabe0ac6225efab50168/geopandas-1.1.1-py3-none-any.whl", hash = "sha256:589e61aaf39b19828843df16cb90234e72897e2579be236f10eee0d052ad98e8", size = 338365, upload-time = "2025-06-26T21:04:55.139Z" },
]

[[package]]
name = "libcudf-cu12"
version = "25.4.0"
source = { registry = "https://pypi.nvidia.com/" }
dependencies = [
    { name = "libkvikio-cu12" },
    { name = "librmm-cu12" },
    { name = "nvidia-nvcomp-cu12" },
    { name = "rapids-logger" },
]
wheels = [
    { url = "https://pypi.nvidia.com/libcudf-cu12/libcudf_cu12-25.4.0-py3-none-manylinux_2_28_aarch64.whl", hash = "sha256:c82976c930bc23e39765c8f50e510622ee47bc1822cad3fe5ec080622ded4a3b" },
    { url = "https://pypi.nvidia.com/libcudf-cu12/libcudf_cu12-25.4.0-py3-none-manylinux_2_28_x86_64.whl", hash = "sha256:cebfcf9ef4aa5ce306b3109e7ddd31ae73007ccc5545bfe9d6874db361cc78a2" },
]

[[package]]
name = "libcuspatial-cu12"
version = "25.4.0"
source = { registry = "https://pypi.nvidia.com/" }
dependencies = [
    { name = "libcudf-cu12" },
]
wheels = [
    { url = "https://pypi.nvidia.com/libcuspatial-cu12/libcuspatial_cu12-25.4.0-py3-none-manylinux_2_24_aarch64.manylinux_2_28_aarch64.whl", hash = "sha256:39f453ec9633036bbbd72aec8e365e89032af0f57359315e441da117660bfc93" },
    { url = "https://pypi.nvidia.com/libcuspatial-cu12/libcuspatial_cu12-25.4.0-py3-none-manylinux_2_24_x86_64.manylinux_2_28_x86_64.whl", hash = "sha256:bd126273cd8dd87c31d74975cc2771819a79e63f7b771f39b6582c51435abf9c" },
]

[[package]]
name = "libkvikio-cu12"
version = "25.4.0"
source = { registry = "https://pypi.nvidia.com/" }
wheels = [
    { url = "https://pypi.nvidia.com/libkvikio-cu12/libkvikio_cu12-25.4.0-py3-none-manylinux_2_28_aarch64.whl", hash = "sha256:5c93c484d71f35241859c2a468e31d03f926ce45522c4d4434f66ea469d86ef3" },
    { url = "https://pypi.nvidia.com/libkvikio-cu12/libkvikio_cu12-25.4.0-py3-none-manylinux_2_28_x86_64.whl", hash = "sha256:ee04d4591735424a7b42cc89acfc63e58bfd927db5686348c07c0f0bb30711b4" },
]

[[package]]
name = "librmm-cu12"
version = "25.4.0"
source = { registry = "https://pypi.nvidia.com/" }
dependencies = [
    { name = "rapids-logger" },
]
wheels = [
    { url = "https://pypi.nvidia.com/librmm-cu12/librmm_cu12-25.4.0-py3-none-any.whl", hash = "sha256:29296ef2b0e90679a0db280e86015be12d6ab9f4e62a181aa085f62dbadd06b3" },
]

[[package]]
name = "llvmlite"
version = "0.44.0"
source = { registry = "https://pypi.org/simple" }
sdist = { url = "https://files.pythonhosted.org/packages/89/6a/95a3d3610d5c75293d5dbbb2a76480d5d4eeba641557b69fe90af6c5b84e/llvmlite-0.44.0.tar.gz", hash = "sha256:07667d66a5d150abed9157ab6c0b9393c9356f229784a4385c02f99e94fc94d4", size = 171880, upload-time = "2025-01-20T11:14:41.342Z" }
wheels = [
    { url = "https://files.pythonhosted.org/packages/15/86/e3c3195b92e6e492458f16d233e58a1a812aa2bfbef9bdd0fbafcec85c60/llvmlite-0.44.0-cp312-cp312-macosx_10_14_x86_64.whl", hash = "sha256:1d671a56acf725bf1b531d5ef76b86660a5ab8ef19bb6a46064a705c6ca80aad", size = 28132297, upload-time = "2025-01-20T11:13:32.57Z" },
    { url = "https://files.pythonhosted.org/packages/d6/53/373b6b8be67b9221d12b24125fd0ec56b1078b660eeae266ec388a6ac9a0/llvmlite-0.44.0-cp312-cp312-macosx_11_0_arm64.whl", hash = "sha256:5f79a728e0435493611c9f405168682bb75ffd1fbe6fc360733b850c80a026db", size = 26201105, upload-time = "2025-01-20T11:13:38.744Z" },
    { url = "https://files.pythonhosted.org/packages/cb/da/8341fd3056419441286c8e26bf436923021005ece0bff5f41906476ae514/llvmlite-0.44.0-cp312-cp312-manylinux_2_17_x86_64.manylinux2014_x86_64.whl", hash = "sha256:c0143a5ef336da14deaa8ec26c5449ad5b6a2b564df82fcef4be040b9cacfea9", size = 42361901, upload-time = "2025-01-20T11:13:46.711Z" },
    { url = "https://files.pythonhosted.org/packages/53/ad/d79349dc07b8a395a99153d7ce8b01d6fcdc9f8231355a5df55ded649b61/llvmlite-0.44.0-cp312-cp312-manylinux_2_27_aarch64.manylinux_2_28_aarch64.whl", hash = "sha256:d752f89e31b66db6f8da06df8b39f9b91e78c5feea1bf9e8c1fba1d1c24c065d", size = 41184247, upload-time = "2025-01-20T11:13:56.159Z" },
    { url = "https://files.pythonhosted.org/packages/e2/3b/a9a17366af80127bd09decbe2a54d8974b6d8b274b39bf47fbaedeec6307/llvmlite-0.44.0-cp312-cp312-win_amd64.whl", hash = "sha256:eae7e2d4ca8f88f89d315b48c6b741dcb925d6a1042da694aa16ab3dd4cbd3a1", size = 30332380, upload-time = "2025-01-20T11:14:02.442Z" },
]

[[package]]
name = "markdown-it-py"
version = "4.0.0"
source = { registry = "https://pypi.org/simple" }
dependencies = [
    { name = "mdurl" },
]
sdist = { url = "https://files.pythonhosted.org/packages/5b/f5/4ec618ed16cc4f8fb3b701563655a69816155e79e24a17b651541804721d/markdown_it_py-4.0.0.tar.gz", hash = "sha256:cb0a2b4aa34f932c007117b194e945bd74e0ec24133ceb5bac59009cda1cb9f3", size = 73070, upload-time = "2025-08-11T12:57:52.854Z" }
wheels = [
    { url = "https://files.pythonhosted.org/packages/94/54/e7d793b573f298e1c9013b8c4dade17d481164aa517d1d7148619c2cedbf/markdown_it_py-4.0.0-py3-none-any.whl", hash = "sha256:87327c59b172c5011896038353a81343b6754500a08cd7a4973bb48c6d578147", size = 87321, upload-time = "2025-08-11T12:57:51.923Z" },
]

[[package]]
name = "mdurl"
version = "0.1.2"
source = { registry = "https://pypi.org/simple" }
sdist = { url = "https://files.pythonhosted.org/packages/d6/54/cfe61301667036ec958cb99bd3efefba235e65cdeb9c84d24a8293ba1d90/mdurl-0.1.2.tar.gz", hash = "sha256:bb413d29f5eea38f31dd4754dd7377d4465116fb207585f97bf925588687c1ba", size = 8729, upload-time = "2022-08-14T12:40:10.846Z" }
wheels = [
    { url = "https://files.pythonhosted.org/packages/b3/38/89ba8ad64ae25be8de66a6d463314cf1eb366222074cfda9ee839c56a4b4/mdurl-0.1.2-py3-none-any.whl", hash = "sha256:84008a41e51615a49fc9966191ff91509e3c40b939176e643fd50a5c2196b8f8", size = 9979, upload-time = "2022-08-14T12:40:09.779Z" },
]

[[package]]
name = "numba"
version = "0.61.2"
source = { registry = "https://pypi.org/simple" }
dependencies = [
    { name = "llvmlite" },
    { name = "numpy" },
]
sdist = { url = "https://files.pythonhosted.org/packages/1c/a0/e21f57604304aa03ebb8e098429222722ad99176a4f979d34af1d1ee80da/numba-0.61.2.tar.gz", hash = "sha256:8750ee147940a6637b80ecf7f95062185ad8726c8c28a2295b8ec1160a196f7d", size = 2820615, upload-time = "2025-04-09T02:58:07.659Z" }
wheels = [
    { url = "https://files.pythonhosted.org/packages/b4/a0/c6b7b9c615cfa3b98c4c63f4316e3f6b3bbe2387740277006551784218cd/numba-0.61.2-cp312-cp312-macosx_10_14_x86_64.whl", hash = "sha256:34fba9406078bac7ab052efbf0d13939426c753ad72946baaa5bf9ae0ebb8dd2", size = 2776626, upload-time = "2025-04-09T02:57:51.857Z" },
    { url = "https://files.pythonhosted.org/packages/92/4a/fe4e3c2ecad72d88f5f8cd04e7f7cff49e718398a2fac02d2947480a00ca/numba-0.61.2-cp312-cp312-macosx_11_0_arm64.whl", hash = "sha256:4ddce10009bc097b080fc96876d14c051cc0c7679e99de3e0af59014dab7dfe8", size = 2779287, upload-time = "2025-04-09T02:57:53.658Z" },
    { url = "https://files.pythonhosted.org/packages/9a/2d/e518df036feab381c23a624dac47f8445ac55686ec7f11083655eb707da3/numba-0.61.2-cp312-cp312-manylinux2014_x86_64.manylinux_2_17_x86_64.whl", hash = "sha256:5b1bb509d01f23d70325d3a5a0e237cbc9544dd50e50588bc581ba860c213546", size = 3885928, upload-time = "2025-04-09T02:57:55.206Z" },
    { url = "https://files.pythonhosted.org/packages/10/0f/23cced68ead67b75d77cfcca3df4991d1855c897ee0ff3fe25a56ed82108/numba-0.61.2-cp312-cp312-manylinux_2_28_aarch64.whl", hash = "sha256:48a53a3de8f8793526cbe330f2a39fe9a6638efcbf11bd63f3d2f9757ae345cd", size = 3577115, upload-time = "2025-04-09T02:57:56.818Z" },
    { url = "https://files.pythonhosted.org/packages/68/1d/ddb3e704c5a8fb90142bf9dc195c27db02a08a99f037395503bfbc1d14b3/numba-0.61.2-cp312-cp312-win_amd64.whl", hash = "sha256:97cf4f12c728cf77c9c1d7c23707e4d8fb4632b46275f8f3397de33e5877af18", size = 2831929, upload-time = "2025-04-09T02:57:58.45Z" },
]

[[package]]
name = "numba-cuda"
version = "0.4.0"
source = { registry = "https://pypi.org/simple" }
dependencies = [
    { name = "numba" },
]
sdist = { url = "https://files.pythonhosted.org/packages/b3/84/70b8a44f37809bb733114a3973a276ed2a2f732626a14538134412ed556d/numba_cuda-0.4.0.tar.gz", hash = "sha256:fc174a3a96466609c23b72cb66d1c4aceb4855f0c2b81b889806eb50561a4b3a", size = 364501, upload-time = "2025-01-27T14:32:57.839Z" }
wheels = [
    { url = "https://files.pythonhosted.org/packages/eb/eb/2b0416ae06b69469095a028f36b5cd255acd4448495b2e27e4f7924b495b/numba_cuda-0.4.0-py3-none-any.whl", hash = "sha256:5b95a5f42068771e37142944d44fe844fa87f1b2f89051461a4cb0af91bcc28a", size = 453781, upload-time = "2025-01-27T14:32:56.23Z" },
]

[[package]]
name = "numpy"
version = "2.2.6"
source = { registry = "https://pypi.org/simple" }
sdist = { url = "https://files.pythonhosted.org/packages/76/21/7d2a95e4bba9dc13d043ee156a356c0a8f0c6309dff6b21b4d71a073b8a8/numpy-2.2.6.tar.gz", hash = "sha256:e29554e2bef54a90aa5cc07da6ce955accb83f21ab5de01a62c8478897b264fd", size = 20276440, upload-time = "2025-05-17T22:38:04.611Z" }
wheels = [
    { url = "https://files.pythonhosted.org/packages/82/5d/c00588b6cf18e1da539b45d3598d3557084990dcc4331960c15ee776ee41/numpy-2.2.6-cp312-cp312-macosx_10_13_x86_64.whl", hash = "sha256:41c5a21f4a04fa86436124d388f6ed60a9343a6f767fced1a8a71c3fbca038ff", size = 20875348, upload-time = "2025-05-17T21:34:39.648Z" },
    { url = "https://files.pythonhosted.org/packages/66/ee/560deadcdde6c2f90200450d5938f63a34b37e27ebff162810f716f6a230/numpy-2.2.6-cp312-cp312-macosx_11_0_arm64.whl", hash = "sha256:de749064336d37e340f640b05f24e9e3dd678c57318c7289d222a8a2f543e90c", size = 14119362, upload-time = "2025-05-17T21:35:01.241Z" },
    { url = "https://files.pythonhosted.org/packages/3c/65/4baa99f1c53b30adf0acd9a5519078871ddde8d2339dc5a7fde80d9d87da/numpy-2.2.6-cp312-cp312-macosx_14_0_arm64.whl", hash = "sha256:894b3a42502226a1cac872f840030665f33326fc3dac8e57c607905773cdcde3", size = 5084103, upload-time = "2025-05-17T21:35:10.622Z" },
    { url = "https://files.pythonhosted.org/packages/cc/89/e5a34c071a0570cc40c9a54eb472d113eea6d002e9ae12bb3a8407fb912e/numpy-2.2.6-cp312-cp312-macosx_14_0_x86_64.whl", hash = "sha256:71594f7c51a18e728451bb50cc60a3ce4e6538822731b2933209a1f3614e9282", size = 6625382, upload-time = "2025-05-17T21:35:21.414Z" },
    { url = "https://files.pythonhosted.org/packages/f8/35/8c80729f1ff76b3921d5c9487c7ac3de9b2a103b1cd05e905b3090513510/numpy-2.2.6-cp312-cp312-manylinux_2_17_aarch64.manylinux2014_aarch64.whl", hash = "sha256:f2618db89be1b4e05f7a1a847a9c1c0abd63e63a1607d892dd54668dd92faf87", size = 14018462, upload-time = "2025-05-17T21:35:42.174Z" },
    { url = "https://files.pythonhosted.org/packages/8c/3d/1e1db36cfd41f895d266b103df00ca5b3cbe965184df824dec5c08c6b803/numpy-2.2.6-cp312-cp312-manylinux_2_17_x86_64.manylinux2014_x86_64.whl", hash = "sha256:fd83c01228a688733f1ded5201c678f0c53ecc1006ffbc404db9f7a899ac6249", size = 16527618, upload-time = "2025-05-17T21:36:06.711Z" },
    { url = "https://files.pythonhosted.org/packages/61/c6/03ed30992602c85aa3cd95b9070a514f8b3c33e31124694438d88809ae36/numpy-2.2.6-cp312-cp312-musllinux_1_2_aarch64.whl", hash = "sha256:37c0ca431f82cd5fa716eca9506aefcabc247fb27ba69c5062a6d3ade8cf8f49", size = 15505511, upload-time = "2025-05-17T21:36:29.965Z" },
    { url = "https://files.pythonhosted.org/packages/b7/25/5761d832a81df431e260719ec45de696414266613c9ee268394dd5ad8236/numpy-2.2.6-cp312-cp312-musllinux_1_2_x86_64.whl", hash = "sha256:fe27749d33bb772c80dcd84ae7e8df2adc920ae8297400dabec45f0dedb3f6de", size = 18313783, upload-time = "2025-05-17T21:36:56.883Z" },
    { url = "https://files.pythonhosted.org/packages/57/0a/72d5a3527c5ebffcd47bde9162c39fae1f90138c961e5296491ce778e682/numpy-2.2.6-cp312-cp312-win32.whl", hash = "sha256:4eeaae00d789f66c7a25ac5f34b71a7035bb474e679f410e5e1a94deb24cf2d4", size = 6246506, upload-time = "2025-05-17T21:37:07.368Z" },
    { url = "https://files.pythonhosted.org/packages/36/fa/8c9210162ca1b88529ab76b41ba02d433fd54fecaf6feb70ef9f124683f1/numpy-2.2.6-cp312-cp312-win_amd64.whl", hash = "sha256:c1f9540be57940698ed329904db803cf7a402f3fc200bfe599334c9bd84a40b2", size = 12614190, upload-time = "2025-05-17T21:37:26.213Z" },
]

[[package]]
name = "nvidia-nvcomp-cu12"
version = "4.2.0.11"
source = { registry = "https://pypi.nvidia.com/" }
wheels = [
    { url = "https://pypi.nvidia.com/nvidia-nvcomp-cu12/nvidia_nvcomp_cu12-4.2.0.11-py3-none-manylinux_2_28_aarch64.whl", hash = "sha256:944c45b20841a44d482ab83006ac086b5ced6ed8ba8ee4b89a78b0c0c7969e16" },
    { url = "https://pypi.nvidia.com/nvidia-nvcomp-cu12/nvidia_nvcomp_cu12-4.2.0.11-py3-none-manylinux_2_28_x86_64.whl", hash = "sha256:e0f7fb7a21386b776a90ab163e76ae8c87ba89dcbcd85365dababf33bb78be03" },
]

[[package]]
name = "nvtx"
version = "0.2.13"
source = { registry = "https://pypi.nvidia.com/" }
sdist = { url = "https://pypi.nvidia.com/nvtx/nvtx-0.2.13.tar.gz", hash = "sha256:9db7ba135168e14e1f038866100bf8ed42d3e00b404e9bc7b6280ee3af828b92" }
wheels = [
    { url = "https://pypi.nvidia.com/nvtx/nvtx-0.2.13-cp312-cp312-manylinux_2_17_aarch64.manylinux2014_aarch64.whl", hash = "sha256:3435cbbffa132f6aaba3abdb01e71a1b961a20858b4cb791883895a25b9305d6" },
    { url = "https://pypi.nvidia.com/nvtx/nvtx-0.2.13-cp312-cp312-manylinux_2_17_x86_64.manylinux2014_x86_64.whl", hash = "sha256:453d838dd1424a04303281ee57a73e2b8dca0e03039bc609a945861b8fe7d7d9" },
    { url = "https://pypi.nvidia.com/nvtx/nvtx-0.2.13-cp312-cp312-win_amd64.whl", hash = "sha256:0722d743e0e41e1fb866ebe6446e0cd0d268ca8671313f8da4f8c969956b74d3" },
]

[[package]]
name = "packaging"
version = "25.0"
source = { registry = "https://pypi.org/simple" }
sdist = { url = "https://files.pythonhosted.org/packages/a1/d4/1fc4078c65507b51b96ca8f8c3ba19e6a61c8253c72794544580a7b6c24d/packaging-25.0.tar.gz", hash = "sha256:d443872c98d677bf60f6a1f2f8c1cb748e8fe762d2bf9d3148b5599295b0fc4f", size = 165727, upload-time = "2025-04-19T11:48:59.673Z" }
wheels = [
    { url = "https://files.pythonhosted.org/packages/20/12/38679034af332785aac8774540895e234f4d07f7545804097de4b666afd8/packaging-25.0-py3-none-any.whl", hash = "sha256:29572ef2b1f17581046b3a2227d5c611fb25ec70ca1ba8554b24b0e69331a484", size = 66469, upload-time = "2025-04-19T11:48:57.875Z" },
]

[[package]]
name = "pandas"
version = "2.2.3"
source = { registry = "https://pypi.org/simple" }
dependencies = [
    { name = "numpy" },
    { name = "python-dateutil" },
    { name = "pytz" },
    { name = "tzdata" },
]
sdist = { url = "https://files.pythonhosted.org/packages/9c/d6/9f8431bacc2e19dca897724cd097b1bb224a6ad5433784a44b587c7c13af/pandas-2.2.3.tar.gz", hash = "sha256:4f18ba62b61d7e192368b84517265a99b4d7ee8912f8708660fb4a366cc82667", size = 4399213, upload-time = "2024-09-20T13:10:04.827Z" }
wheels = [
    { url = "https://files.pythonhosted.org/packages/17/a3/fb2734118db0af37ea7433f57f722c0a56687e14b14690edff0cdb4b7e58/pandas-2.2.3-cp312-cp312-macosx_10_9_x86_64.whl", hash = "sha256:b1d432e8d08679a40e2a6d8b2f9770a5c21793a6f9f47fdd52c5ce1948a5a8a9", size = 12529893, upload-time = "2024-09-20T13:09:09.655Z" },
    { url = "https://files.pythonhosted.org/packages/e1/0c/ad295fd74bfac85358fd579e271cded3ac969de81f62dd0142c426b9da91/pandas-2.2.3-cp312-cp312-macosx_11_0_arm64.whl", hash = "sha256:a5a1595fe639f5988ba6a8e5bc9649af3baf26df3998a0abe56c02609392e0a4", size = 11363475, upload-time = "2024-09-20T13:09:14.718Z" },
    { url = "https://files.pythonhosted.org/packages/c6/2a/4bba3f03f7d07207481fed47f5b35f556c7441acddc368ec43d6643c5777/pandas-2.2.3-cp312-cp312-manylinux2014_aarch64.manylinux_2_17_aarch64.whl", hash = "sha256:5de54125a92bb4d1c051c0659e6fcb75256bf799a732a87184e5ea503965bce3", size = 15188645, upload-time = "2024-09-20T19:02:03.88Z" },
    { url = "https://files.pythonhosted.org/packages/38/f8/d8fddee9ed0d0c0f4a2132c1dfcf0e3e53265055da8df952a53e7eaf178c/pandas-2.2.3-cp312-cp312-manylinux_2_17_x86_64.manylinux2014_x86_64.whl", hash = "sha256:fffb8ae78d8af97f849404f21411c95062db1496aeb3e56f146f0355c9989319", size = 12739445, upload-time = "2024-09-20T13:09:17.621Z" },
    { url = "https://files.pythonhosted.org/packages/20/e8/45a05d9c39d2cea61ab175dbe6a2de1d05b679e8de2011da4ee190d7e748/pandas-2.2.3-cp312-cp312-musllinux_1_2_aarch64.whl", hash = "sha256:6dfcb5ee8d4d50c06a51c2fffa6cff6272098ad6540aed1a76d15fb9318194d8", size = 16359235, upload-time = "2024-09-20T19:02:07.094Z" },
    { url = "https://files.pythonhosted.org/packages/1d/99/617d07a6a5e429ff90c90da64d428516605a1ec7d7bea494235e1c3882de/pandas-2.2.3-cp312-cp312-musllinux_1_2_x86_64.whl", hash = "sha256:062309c1b9ea12a50e8ce661145c6aab431b1e99530d3cd60640e255778bd43a", size = 14056756, upload-time = "2024-09-20T13:09:20.474Z" },
    { url = "https://files.pythonhosted.org/packages/29/d4/1244ab8edf173a10fd601f7e13b9566c1b525c4f365d6bee918e68381889/pandas-2.2.3-cp312-cp312-win_amd64.whl", hash = "sha256:59ef3764d0fe818125a5097d2ae867ca3fa64df032331b7e0917cf5d7bf66b13", size = 11504248, upload-time = "2024-09-20T13:09:23.137Z" },
]

[[package]]
name = "pyarrow"
version = "19.0.1"
source = { registry = "https://pypi.org/simple" }
sdist = { url = "https://files.pythonhosted.org/packages/7f/09/a9046344212690f0632b9c709f9bf18506522feb333c894d0de81d62341a/pyarrow-19.0.1.tar.gz", hash = "sha256:3bf266b485df66a400f282ac0b6d1b500b9d2ae73314a153dbe97d6d5cc8a99e", size = 1129437, upload-time = "2025-02-18T18:55:57.027Z" }
wheels = [
    { url = "https://files.pythonhosted.org/packages/78/b4/94e828704b050e723f67d67c3535cf7076c7432cd4cf046e4bb3b96a9c9d/pyarrow-19.0.1-cp312-cp312-macosx_12_0_arm64.whl", hash = "sha256:80b2ad2b193e7d19e81008a96e313fbd53157945c7be9ac65f44f8937a55427b", size = 30670749, upload-time = "2025-02-18T18:53:00.062Z" },
    { url = "https://files.pythonhosted.org/packages/7e/3b/4692965e04bb1df55e2c314c4296f1eb12b4f3052d4cf43d29e076aedf66/pyarrow-19.0.1-cp312-cp312-macosx_12_0_x86_64.whl", hash = "sha256:ee8dec072569f43835932a3b10c55973593abc00936c202707a4ad06af7cb294", size = 32128007, upload-time = "2025-02-18T18:53:06.581Z" },
    { url = "https://files.pythonhosted.org/packages/22/f7/2239af706252c6582a5635c35caa17cb4d401cd74a87821ef702e3888957/pyarrow-19.0.1-cp312-cp312-manylinux_2_17_aarch64.manylinux2014_aarch64.whl", hash = "sha256:4d5d1ec7ec5324b98887bdc006f4d2ce534e10e60f7ad995e7875ffa0ff9cb14", size = 41144566, upload-time = "2025-02-18T18:53:11.958Z" },
    { url = "https://files.pythonhosted.org/packages/fb/e3/c9661b2b2849cfefddd9fd65b64e093594b231b472de08ff658f76c732b2/pyarrow-19.0.1-cp312-cp312-manylinux_2_17_x86_64.manylinux2014_x86_64.whl", hash = "sha256:f3ad4c0eb4e2a9aeb990af6c09e6fa0b195c8c0e7b272ecc8d4d2b6574809d34", size = 42202991, upload-time = "2025-02-18T18:53:17.678Z" },
    { url = "https://files.pythonhosted.org/packages/fe/4f/a2c0ed309167ef436674782dfee4a124570ba64299c551e38d3fdaf0a17b/pyarrow-19.0.1-cp312-cp312-manylinux_2_28_aarch64.whl", hash = "sha256:d383591f3dcbe545f6cc62daaef9c7cdfe0dff0fb9e1c8121101cabe9098cfa6", size = 40507986, upload-time = "2025-02-18T18:53:26.263Z" },
    { url = "https://files.pythonhosted.org/packages/27/2e/29bb28a7102a6f71026a9d70d1d61df926887e36ec797f2e6acfd2dd3867/pyarrow-19.0.1-cp312-cp312-manylinux_2_28_x86_64.whl", hash = "sha256:b4c4156a625f1e35d6c0b2132635a237708944eb41df5fbe7d50f20d20c17832", size = 42087026, upload-time = "2025-02-18T18:53:33.063Z" },
    { url = "https://files.pythonhosted.org/packages/16/33/2a67c0f783251106aeeee516f4806161e7b481f7d744d0d643d2f30230a5/pyarrow-19.0.1-cp312-cp312-win_amd64.whl", hash = "sha256:5bd1618ae5e5476b7654c7b55a6364ae87686d4724538c24185bbb2952679960", size = 25250108, upload-time = "2025-02-18T18:53:38.462Z" },
]

[[package]]
name = "pygments"
version = "2.19.2"
source = { registry = "https://pypi.org/simple" }
sdist = { url = "https://files.pythonhosted.org/packages/b0/77/a5b8c569bf593b0140bde72ea885a803b82086995367bf2037de0159d924/pygments-2.19.2.tar.gz", hash = "sha256:636cb2477cec7f8952536970bc533bc43743542f70392ae026374600add5b887", size = 4968631, upload-time = "2025-06-21T13:39:12.283Z" }
wheels = [
    { url = "https://files.pythonhosted.org/packages/c7/21/705964c7812476f378728bdf590ca4b771ec72385c533964653c68e86bdc/pygments-2.19.2-py3-none-any.whl", hash = "sha256:86540386c03d588bb81d44bc3928634ff26449851e99741617ecb9037ee5ec0b", size = 1225217, upload-time = "2025-06-21T13:39:07.939Z" },
]

[[package]]
name = "pylibcudf-cu12"
version = "25.4.0"
source = { registry = "https://pypi.nvidia.com/" }
dependencies = [
    { name = "cuda-python" },
    { name = "libcudf-cu12" },
    { name = "nvtx" },
    { name = "packaging" },
    { name = "pyarrow", marker = "platform_machine == 'aarch64' or platform_machine == 'x86_64'" },
    { name = "rmm-cu12" },
    { name = "typing-extensions" },
]
wheels = [
    { url = "https://pypi.nvidia.com/pylibcudf-cu12/pylibcudf_cu12-25.4.0-cp312-cp312-manylinux_2_24_aarch64.manylinux_2_28_aarch64.whl", hash = "sha256:d48abac54437d31ba57dd5502578ae216356e8336011ca224d9b1004c656f9f4" },
    { url = "https://pypi.nvidia.com/pylibcudf-cu12/pylibcudf_cu12-25.4.0-cp312-cp312-manylinux_2_24_x86_64.manylinux_2_28_x86_64.whl", hash = "sha256:58d8506e00881e2520b9f0e55d7a503601edf76da8159391fc60615e5eff688b" },
]

[[package]]
name = "pynvjitlink-cu12"
version = "0.7.0"
source = { registry = "https://pypi.nvidia.com/" }
wheels = [
    { url = "https://pypi.nvidia.com/pynvjitlink-cu12/pynvjitlink_cu12-0.7.0-cp312-cp312-manylinux_2_27_aarch64.manylinux_2_28_aarch64.whl", hash = "sha256:8fc54a5caa12d98bef709b8e2c685e558d793dfd5619e4b095e4a743744e17ed" },
    { url = "https://pypi.nvidia.com/pynvjitlink-cu12/pynvjitlink_cu12-0.7.0-cp312-cp312-manylinux_2_27_x86_64.manylinux_2_28_x86_64.whl", hash = "sha256:2e6b9aec00ad37647692b030ee545fdb3b701b0a91579a5b9075fbe314c0f9bb" },
]

[[package]]
name = "pyogrio"
version = "0.11.1"
source = { registry = "https://pypi.org/simple" }
dependencies = [
    { name = "certifi" },
    { name = "numpy" },
    { name = "packaging" },
]
sdist = { url = "https://files.pythonhosted.org/packages/bf/1d/ae0340237207664e2da1b77f2cdbcb5f81fd0fc9f3200a48ca993a5e12ef/pyogrio-0.11.1.tar.gz", hash = "sha256:e1441dc9c866f10d8e6ae7ea9249a10c1f57ea921b1f19a5b0977ab91ef8082c", size = 287267, upload-time = "2025-08-02T20:19:20.167Z" }
wheels = [
    { url = "https://files.pythonhosted.org/packages/72/d3/2ba967ca4255cdfa130a6d8b437826488567b4bc1bb417c442bb43d62611/pyogrio-0.11.1-cp312-cp312-macosx_12_0_arm64.whl", hash = "sha256:f186456ebe5d5f61e7bd883bad25a59d43d6304178d4f0d3e03273f42b40a4cc", size = 19450110, upload-time = "2025-08-02T20:18:36.643Z" },
    { url = "https://files.pythonhosted.org/packages/5a/e1/3bc29ae71d24a91cf91f7413541e50acb7de2ce609587168ce2f4b405d3b/pyogrio-0.11.1-cp312-cp312-macosx_12_0_x86_64.whl", hash = "sha256:b8a199bc0e421eac444af96942b7553268e43d0cadf30d0d6d41017de05b7e9e", size = 20635348, upload-time = "2025-08-02T20:18:38.714Z" },
    { url = "https://files.pythonhosted.org/packages/8c/b2/ec453e544370a90b4e8b2c6afa72501963ddc33afe883f0e5ba34af6a80f/pyogrio-0.11.1-cp312-cp312-manylinux_2_17_x86_64.manylinux2014_x86_64.whl", hash = "sha256:afce80b4b32f043fcf76a50e8572e3ad8d9d3e6abbbfa6137f0975ba55c4eeb8", size = 26980190, upload-time = "2025-08-02T20:18:41.197Z" },
    { url = "https://files.pythonhosted.org/packages/b1/f6/337f122b58f697f807bf9093b606b33b3ef52fe06a21e88d8a9230844cc3/pyogrio-0.11.1-cp312-cp312-manylinux_2_28_aarch64.whl", hash = "sha256:0cfd79caf0b8cb7bbf30b419dff7f21509169efcf4d431172c61b44fe1029dba", size = 26474852, upload-time = "2025-08-02T20:18:43.74Z" },
    { url = "https://files.pythonhosted.org/packages/e6/0f/8193a4a879f1284d693793e59a2e185c8fd3c47cb562b0e5daf7289997ea/pyogrio-0.11.1-cp312-cp312-manylinux_2_28_x86_64.whl", hash = "sha256:ab3aa6dbf2441d2407ce052233f2966324a3cff752bd43d99e4c779ea54e0a16", size = 27659721, upload-time = "2025-08-02T20:18:46.398Z" },
    { url = "https://files.pythonhosted.org/packages/5f/7d/3e818625a435fcc196ea441a6ca8495f87dd1f1eebeb95760eb401ea425d/pyogrio-0.11.1-cp312-cp312-win_amd64.whl", hash = "sha256:cd10035eb3b5e5a43bdafbd777339d2274e9b75972658364f0ce31c4d3400d1e", size = 19219350, upload-time = "2025-08-02T20:18:48.866Z" },
]

[[package]]
name = "pyproj"
version = "3.7.2"
source = { registry = "https://pypi.org/simple" }
dependencies = [
    { name = "certifi" },
]
sdist = { url = "https://files.pythonhosted.org/packages/04/90/67bd7260b4ea9b8b20b4f58afef6c223ecb3abf368eb4ec5bc2cdef81b49/pyproj-3.7.2.tar.gz", hash = "sha256:39a0cf1ecc7e282d1d30f36594ebd55c9fae1fda8a2622cee5d100430628f88c", size = 226279, upload-time = "2025-08-14T12:05:42.18Z" }
wheels = [
    { url = "https://files.pythonhosted.org/packages/8d/ab/9893ea9fb066be70ed9074ae543914a618c131ed8dff2da1e08b3a4df4db/pyproj-3.7.2-cp312-cp312-macosx_13_0_x86_64.whl", hash = "sha256:0a9bb26a6356fb5b033433a6d1b4542158fb71e3c51de49b4c318a1dff3aeaab", size = 6219832, upload-time = "2025-08-14T12:04:10.264Z" },
    { url = "https://files.pythonhosted.org/packages/53/78/4c64199146eed7184eb0e85bedec60a4aa8853b6ffe1ab1f3a8b962e70a0/pyproj-3.7.2-cp312-cp312-macosx_14_0_arm64.whl", hash = "sha256:567caa03021178861fad27fabde87500ec6d2ee173dd32f3e2d9871e40eebd68", size = 4620650, upload-time = "2025-08-14T12:04:11.978Z" },
    { url = "https://files.pythonhosted.org/packages/b6/ac/14a78d17943898a93ef4f8c6a9d4169911c994e3161e54a7cedeba9d8dde/pyproj-3.7.2-cp312-cp312-manylinux_2_28_aarch64.whl", hash = "sha256:c203101d1dc3c038a56cff0447acc515dd29d6e14811406ac539c21eed422b2a", size = 9667087, upload-time = "2025-08-14T12:04:13.964Z" },
    { url = "https://files.pythonhosted.org/packages/b8/be/212882c450bba74fc8d7d35cbd57e4af84792f0a56194819d98106b075af/pyproj-3.7.2-cp312-cp312-manylinux_2_28_x86_64.whl", hash = "sha256:1edc34266c0c23ced85f95a1ee8b47c9035eae6aca5b6b340327250e8e281630", size = 9552797, upload-time = "2025-08-14T12:04:16.624Z" },
    { url = "https://files.pythonhosted.org/packages/ba/c0/c0f25c87b5d2a8686341c53c1792a222a480d6c9caf60311fec12c99ec26/pyproj-3.7.2-cp312-cp312-musllinux_1_2_aarch64.whl", hash = "sha256:aa9f26c21bc0e2dc3d224cb1eb4020cf23e76af179a7c66fea49b828611e4260", size = 10837036, upload-time = "2025-08-14T12:04:18.733Z" },
    { url = "https://files.pythonhosted.org/packages/5d/37/5cbd6772addde2090c91113332623a86e8c7d583eccb2ad02ea634c4a89f/pyproj-3.7.2-cp312-cp312-musllinux_1_2_x86_64.whl", hash = "sha256:f9428b318530625cb389b9ddc9c51251e172808a4af79b82809376daaeabe5e9", size = 10775952, upload-time = "2025-08-14T12:04:20.709Z" },
    { url = "https://files.pythonhosted.org/packages/69/a1/dc250e3cf83eb4b3b9a2cf86fdb5e25288bd40037ae449695550f9e96b2f/pyproj-3.7.2-cp312-cp312-win32.whl", hash = "sha256:b3d99ed57d319da042f175f4554fc7038aa4bcecc4ac89e217e350346b742c9d", size = 5898872, upload-time = "2025-08-14T12:04:22.485Z" },
    { url = "https://files.pythonhosted.org/packages/4a/a6/6fe724b72b70f2b00152d77282e14964d60ab092ec225e67c196c9b463e5/pyproj-3.7.2-cp312-cp312-win_amd64.whl", hash = "sha256:11614a054cd86a2ed968a657d00987a86eeb91fdcbd9ad3310478685dc14a128", size = 6312176, upload-time = "2025-08-14T12:04:24.736Z" },
    { url = "https://files.pythonhosted.org/packages/5d/68/915cc32c02a91e76d02c8f55d5a138d6ef9e47a0d96d259df98f4842e558/pyproj-3.7.2-cp312-cp312-win_arm64.whl", hash = "sha256:509a146d1398bafe4f53273398c3bb0b4732535065fa995270e52a9d3676bca3", size = 6233452, upload-time = "2025-08-14T12:04:27.287Z" },
]

[[package]]
name = "python-dateutil"
version = "2.9.0.post0"
source = { registry = "https://pypi.org/simple" }
dependencies = [
    { name = "six" },
]
sdist = { url = "https://files.pythonhosted.org/packages/66/c0/0c8b6ad9f17a802ee498c46e004a0eb49bc148f2fd230864601a86dcf6db/python-dateutil-2.9.0.post0.tar.gz", hash = "sha256:37dd54208da7e1cd875388217d5e00ebd4179249f90fb72437e91a35459a0ad3", size = 342432, upload-time = "2024-03-01T18:36:20.211Z" }
wheels = [
    { url = "https://files.pythonhosted.org/packages/ec/57/56b9bcc3c9c6a792fcbaf139543cee77261f3651ca9da0c93f5c1221264b/python_dateutil-2.9.0.post0-py2.py3-none-any.whl", hash = "sha256:a8b2bc7bffae282281c8140a97d3aa9c14da0b136dfe83f850eea9a5f7470427", size = 229892, upload-time = "2024-03-01T18:36:18.57Z" },
]

[[package]]
name = "pytz"
version = "2025.2"
source = { registry = "https://pypi.org/simple" }
sdist = { url = "https://files.pythonhosted.org/packages/f8/bf/abbd3cdfb8fbc7fb3d4d38d320f2441b1e7cbe29be4f23797b4a2b5d8aac/pytz-2025.2.tar.gz", hash = "sha256:360b9e3dbb49a209c21ad61809c7fb453643e048b38924c765813546746e81c3", size = 320884, upload-time = "2025-03-25T02:25:00.538Z" }
wheels = [
    { url = "https://files.pythonhosted.org/packages/81/c4/34e93fe5f5429d7570ec1fa436f1986fb1f00c3e0f43a589fe2bbcd22c3f/pytz-2025.2-py2.py3-none-any.whl", hash = "sha256:5ddf76296dd8c44c26eb8f4b6f35488f3ccbf6fbbd7adee0b7262d43f0ec2f00", size = 509225, upload-time = "2025-03-25T02:24:58.468Z" },
]

[[package]]
name = "q-spatial"
version = "0.1.0"
source = { virtual = "." }
dependencies = [
    { name = "cudf-cu12" },
    { name = "cupy-cuda12x" },
    { name = "cuspatial-cu12" },
    { name = "geopandas" },
    { name = "numpy" },
    { name = "rmm-cu12" },
]

[package.metadata]
requires-dist = [
    { name = "cudf-cu12", specifier = ">=25.4.0" },
    { name = "cupy-cuda12x", specifier = ">=13.6.0" },
    { name = "cuspatial-cu12", specifier = ">=25.4.0" },
    { name = "geopandas", specifier = ">=1.1.1" },
    { name = "numpy", specifier = ">=2.2.6" },
    { name = "rmm-cu12", specifier = ">=25.4.0" },
]

[[package]]
name = "rapids-logger"
version = "0.1.19"
source = { registry = "https://pypi.org/simple" }
wheels = [
    { url = "https://files.pythonhosted.org/packages/0e/b9/5b4158deb206019427867e1ee1729fda85268bdecd9ec116cc611ee75345/rapids_logger-0.1.19-py3-none-manylinux_2_26_aarch64.manylinux_2_28_aarch64.whl", hash = "sha256:27be79b29d4545aef9b7f4608c258b5acfe984081a8bdf72381948c0dfccf14f", size = 255003, upload-time = "2025-10-13T15:08:52.64Z" },
    { url = "https://files.pythonhosted.org/packages/bf/0e/093fe9791b6b11f7d6d36b604d285b0018512cbdb6b1ce67a128795b7543/rapids_logger-0.1.19-py3-none-manylinux_2_27_x86_64.manylinux_2_28_x86_64.whl", hash = "sha256:6797beb4a0d6874658944ddc38a1245059cd30ac6304f1e1f2b7d8c23db7dd18", size = 275528, upload-time = "2025-10-13T15:04:01.79Z" },
]

[[package]]
name = "rich"
version = "14.2.0"
source = { registry = "https://pypi.org/simple" }
dependencies = [
    { name = "markdown-it-py" },
    { name = "pygments" },
]
sdist = { url = "https://files.pythonhosted.org/packages/fb/d2/8920e102050a0de7bfabeb4c4614a49248cf8d5d7a8d01885fbb24dc767a/rich-14.2.0.tar.gz", hash = "sha256:73ff50c7c0c1c77c8243079283f4edb376f0f6442433aecb8ce7e6d0b92d1fe4", size = 219990, upload-time = "2025-10-09T14:16:53.064Z" }
wheels = [
    { url = "https://files.pythonhosted.org/packages/25/7a/b0178788f8dc6cafce37a212c99565fa1fe7872c70c6c9c1e1a372d9d88f/rich-14.2.0-py3-none-any.whl", hash = "sha256:76bc51fe2e57d2b1be1f96c524b890b816e334ab4c1e45888799bfaab0021edd", size = 243393, upload-time = "2025-10-09T14:16:51.245Z" },
]

[[package]]
name = "rmm-cu12"
version = "25.4.0"
source = { registry = "https://pypi.nvidia.com/" }
dependencies = [
    { name = "cuda-python" },
    { name = "librmm-cu12" },
    { name = "numpy" },
]
wheels = [
    { url = "https://pypi.nvidia.com/rmm-cu12/rmm_cu12-25.4.0-cp312-cp312-manylinux_2_24_aarch64.manylinux_2_28_aarch64.whl", hash = "sha256:2ccff30e97f54cc72464c4972ec662d74c495752de1626b27769784d2d8ccadf" },
    { url = "https://pypi.nvidia.com/rmm-cu12/rmm_cu12-25.4.0-cp312-cp312-manylinux_2_24_x86_64.manylinux_2_28_x86_64.whl", hash = "sha256:21c1c43e2edfdf29502763b25c3d7ed43f571c99bbbe09825655b990d14f19c8" },
]

[[package]]
name = "shapely"
version = "2.1.2"
source = { registry = "https://pypi.org/simple" }
dependencies = [
    { name = "numpy" },
]
sdist = { url = "https://files.pythonhosted.org/packages/4d/bc/0989043118a27cccb4e906a46b7565ce36ca7b57f5a18b78f4f1b0f72d9d/shapely-2.1.2.tar.gz", hash = "sha256:2ed4ecb28320a433db18a5bf029986aa8afcfd740745e78847e330d5d94922a9", size = 315489, upload-time = "2025-09-24T13:51:41.432Z" }
wheels = [
    { url = "https://files.pythonhosted.org/packages/24/c0/f3b6453cf2dfa99adc0ba6675f9aaff9e526d2224cbd7ff9c1a879238693/shapely-2.1.2-cp312-cp312-macosx_10_13_x86_64.whl", hash = "sha256:fe2533caae6a91a543dec62e8360fe86ffcdc42a7c55f9dfd0128a977a896b94", size = 1833550, upload-time = "2025-09-24T13:50:30.019Z" },
    { url = "https://files.pythonhosted.org/packages/86/07/59dee0bc4b913b7ab59ab1086225baca5b8f19865e6101db9ebb7243e132/shapely-2.1.2-cp312-cp312-macosx_11_0_arm64.whl", hash = "sha256:ba4d1333cc0bc94381d6d4308d2e4e008e0bd128bdcff5573199742ee3634359", size = 1643556, upload-time = "2025-09-24T13:50:32.291Z" },
    { url = "https://files.pythonhosted.org/packages/26/29/a5397e75b435b9895cd53e165083faed5d12fd9626eadec15a83a2411f0f/shapely-2.1.2-cp312-cp312-manylinux2014_aarch64.manylinux_2_17_aarch64.whl", hash = "sha256:0bd308103340030feef6c111d3eb98d50dc13feea33affc8a6f9fa549e9458a3", size = 2988308, upload-time = "2025-09-24T13:50:33.862Z" },
    { url = "https://files.pythonhosted.org/packages/b9/37/e781683abac55dde9771e086b790e554811a71ed0b2b8a1e789b7430dd44/shapely-2.1.2-cp312-cp312-manylinux2014_x86_64.manylinux_2_17_x86_64.whl", hash = "sha256:1e7d4d7ad262a48bb44277ca12c7c78cb1b0f56b32c10734ec9a1d30c0b0c54b", size = 3099844, upload-time = "2025-09-24T13:50:35.459Z" },
    { url = "https://files.pythonhosted.org/packages/d8/f3/9876b64d4a5a321b9dc482c92bb6f061f2fa42131cba643c699f39317cb9/shapely-2.1.2-cp312-cp312-musllinux_1_2_aarch64.whl", hash = "sha256:e9eddfe513096a71896441a7c37db72da0687b34752c4e193577a145c71736fc", size = 3988842, upload-time = "2025-09-24T13:50:37.478Z" },
    { url = "https://files.pythonhosted.org/packages/d1/a0/704c7292f7014c7e74ec84eddb7b109e1fbae74a16deae9c1504b1d15565/shapely-2.1.2-cp312-cp312-musllinux_1_2_x86_64.whl", hash = "sha256:980c777c612514c0cf99bc8a9de6d286f5e186dcaf9091252fcd444e5638193d", size = 4152714, upload-time = "2025-09-24T13:50:39.9Z" },
    { url = "https://files.pythonhosted.org/packages/53/46/319c9dc788884ad0785242543cdffac0e6530e4d0deb6c4862bc4143dcf3/shapely-2.1.2-cp312-cp312-win32.whl", hash = "sha256:9111274b88e4d7b54a95218e243282709b330ef52b7b86bc6aaf4f805306f454", size = 1542745, upload-time = "2025-09-24T13:50:41.414Z" },
    { url = "https://files.pythonhosted.org/packages/ec/bf/cb6c1c505cb31e818e900b9312d514f381fbfa5c4363edfce0fcc4f8c1a4/shapely-2.1.2-cp312-cp312-win_amd64.whl", hash = "sha256:743044b4cfb34f9a67205cee9279feaf60ba7d02e69febc2afc609047cb49179", size = 1722861, upload-time = "2025-09-24T13:50:43.35Z" },
]

[[package]]
name = "six"
version = "1.17.0"
source = { registry = "https://pypi.org/simple" }
sdist = { url = "https://files.pythonhosted.org/packages/94/e7/b2c673351809dca68a0e064b6af791aa332cf192da575fd474ed7d6f16a2/six-1.17.0.tar.gz", hash = "sha256:ff70335d468e7eb6ec65b95b99d3a2836546063f63acc5171de367e834932a81", size = 34031, upload-time = "2024-12-04T17:35:28.174Z" }
wheels = [
    { url = "https://files.pythonhosted.org/packages/b7/ce/149a00dd41f10bc29e5921b496af8b574d8413afcd5e30dfa0ed46c2cc5e/six-1.17.0-py2.py3-none-any.whl", hash = "sha256:4721f391ed90541fddacab5acf947aa0d3dc7d27b2e1e8eda2be8970586c3274", size = 11050, upload-time = "2024-12-04T17:35:26.475Z" },
]

[[package]]
name = "typing-extensions"
version = "4.15.0"
source = { registry = "https://pypi.org/simple" }
sdist = { url = "https://files.pythonhosted.org/packages/72/94/1a15dd82efb362ac84269196e94cf00f187f7ed21c242792a923cdb1c61f/typing_extensions-4.15.0.tar.gz", hash = "sha256:0cea48d173cc12fa28ecabc3b837ea3cf6f38c6d1136f85cbaaf598984861466", size = 109391, upload-time = "2025-08-25T13:49:26.313Z" }
wheels = [
    { url = "https://files.pythonhosted.org/packages/18/67/36e9267722cc04a6b9f15c7f3441c2363321a3ea07da7ae0c0707beb2a9c/typing_extensions-4.15.0-py3-none-any.whl", hash = "sha256:f0fa19c6845758ab08074a0cfa8b7aecb71c999ca73d62883bc25cc018c4e548", size = 44614, upload-time = "2025-08-25T13:49:24.86Z" },
]

[[package]]
name = "tzdata"
version = "2025.2"
source = { registry = "https://pypi.org/simple" }
sdist = { url = "https://files.pythonhosted.org/packages/95/32/1a225d6164441be760d75c2c42e2780dc0873fe382da3e98a2e1e48361e5/tzdata-2025.2.tar.gz", hash = "sha256:b60a638fcc0daffadf82fe0f57e53d06bdec2f36c4df66280ae79bce6bd6f2b9", size = 196380, upload-time = "2025-03-23T13:54:43.652Z" }
wheels = [
    { url = "https://files.pythonhosted.org/packages/5c/23/c7abc0ca0a1526a0774eca151daeb8de62ec457e77262b66b359c3c7679e/tzdata-2025.2-py2.py3-none-any.whl", hash = "sha256:1a403fada01ff9221ca8044d701868fa132215d84beb92242d9acd2147f667a8", size = 347839, upload-time = "2025-03-23T13:54:41.845Z" },
]
